
Microsoft Visual Studio Solution File, Format Version 12.00
Project("{FAE04EC0-301F-11D3-BF4B-00C04F79EFBC}") = "ScuttleBotRemastered", "ScuttleBotRemastered\ScuttleBotRemastered.csproj", "{C0D2330C-091F-4C68-9BE4-C2863906644A}"
EndProject
Global
	GlobalSection(SolutionConfigurationPlatforms) = preSolution
		Debug|Any CPU = Debug|Any CPU
		Release|Any CPU = Release|Any CPU
	EndGlobalSection
	GlobalSection(ProjectConfigurationPlatforms) = postSolution
		{C0D2330C-091F-4C68-9BE4-C2863906644A}.Debug|Any CPU.ActiveCfg = Debug|Any CPU
		{C0D2330C-091F-4C68-9BE4-C2863906644A}.Debug|Any CPU.Build.0 = Debug|Any CPU
		{C0D2330C-091F-4C68-9BE4-C2863906644A}.Release|Any CPU.ActiveCfg = Release|Any CPU
		{C0D2330C-091F-4C68-9BE4-C2863906644A}.Release|Any CPU.Build.0 = Release|Any CPU
	EndGlobalSection
EndGlobal
